
Microsoft Visual Studio Solution File, Format Version 12.00
# Visual Studio Version 17
VisualStudioVersion = 17.8.34309.116
MinimumVisualStudioVersion = 10.0.40219.1
Project("{9A19103F-16F7-4668-BE54-9A1E7A4F7556}") = "LiteracyWebApiTest", "LiteracyWebApiTest\LiteracyWebApiTest\LiteracyWebApiTest.csproj", "{F484573B-8923-4DD0-975D-9B36751159CF}"
EndProject
Project("{9A19103F-16F7-4668-BE54-9A1E7A4F7556}") = "LiteracyWebApiTest.Client", "LiteracyWebApiTest\LiteracyWebApiTest.Client\LiteracyWebApiTest.Client.csproj", "{76537429-4D41-478A-98B6-ED08A42E11CA}"
EndProject
Global
	GlobalSection(SolutionConfigurationPlatforms) = preSolution
		Debug|Any CPU = Debug|Any CPU
		Release|Any CPU = Release|Any CPU
	EndGlobalSection
	GlobalSection(ProjectConfigurationPlatforms) = postSolution
		{F484573B-8923-4DD0-975D-9B36751159CF}.Debug|Any CPU.ActiveCfg = Debug|Any CPU
		{F484573B-8923-4DD0-975D-9B36751159CF}.Debug|Any CPU.Build.0 = Debug|Any CPU
		{F484573B-8923-4DD0-975D-9B36751159CF}.Release|Any CPU.ActiveCfg = Release|Any CPU
		{F484573B-8923-4DD0-975D-9B36751159CF}.Release|Any CPU.Build.0 = Release|Any CPU
		{76537429-4D41-478A-98B6-ED08A42E11CA}.Debug|Any CPU.ActiveCfg = Debug|Any CPU
		{76537429-4D41-478A-98B6-ED08A42E11CA}.Debug|Any CPU.Build.0 = Debug|Any CPU
		{76537429-4D41-478A-98B6-ED08A42E11CA}.Release|Any CPU.ActiveCfg = Release|Any CPU
		{76537429-4D41-478A-98B6-ED08A42E11CA}.Release|Any CPU.Build.0 = Release|Any CPU
	EndGlobalSection
	GlobalSection(SolutionProperties) = preSolution
		HideSolutionNode = FALSE
	EndGlobalSection
	GlobalSection(ExtensibilityGlobals) = postSolution
		SolutionGuid = {41C1AD61-CE76-471C-8E5C-E5622AFD784F}
	EndGlobalSection
EndGlobal
